
Microsoft Visual Studio Solution File, Format Version 12.00
# Visual Studio Version 17
VisualStudioVersion = 17.2.32505.173
MinimumVisualStudioVersion = 10.0.40219.1
Project("{2150E333-8FDC-42A3-9474-1A3956D46DE8}") = "Subjects", "Subjects", "{E1FFF949-8FEC-49D8-A2DB-E4793EE8B0DF}"
EndProject
Project("{2150E333-8FDC-42A3-9474-1A3956D46DE8}") = "src", "src", "{8AA9E430-4A3C-4A21-88B6-FFAAF222A87A}"
EndProject
Project("{FAE04EC0-301F-11D3-BF4B-00C04F79EFBC}") = "SeniorToolkit", "Subjects\SeniorToolkit\SeniorToolkit.csproj", "{913856DD-F52E-4829-8288-42B0A0AAE616}"
EndProject
Project("{9A19103F-16F7-4668-BE54-9A1E7A4F7556}") = "SignalRIntro", "Subjects\SignalRIntro\SignalRIntro.csproj", "{00B15A60-4D09-414E-84DC-3FD50997D56E}"
EndProject
Project("{9A19103F-16F7-4668-BE54-9A1E7A4F7556}") = "TagHelpersCustomize", "Subjects\TagHelpersCustomize\TagHelpersCustomize.csproj", "{6638E315-6BD5-469F-8C1F-71933CF156A3}"
EndProject
Project("{9A19103F-16F7-4668-BE54-9A1E7A4F7556}") = "BigOn.Domain", "src\BigOn.Domain\BigOn.Domain.csproj", "{0DDF87F1-561D-4980-ACC4-CD1F28D16604}"
EndProject
Project("{9A19103F-16F7-4668-BE54-9A1E7A4F7556}") = "BigOn.WebApi", "src\BigOn.WebApi\BigOn.WebApi.csproj", "{70467D0F-4CB6-455B-A555-727DE28074C3}"
EndProject
Project("{9A19103F-16F7-4668-BE54-9A1E7A4F7556}") = "BigOn.WebUI", "src\BigOn.WebUI\BigOn.WebUI.csproj", "{BB24AC08-6C3C-4900-BE12-C9BBE2CC6E0D}"
EndProject
Project("{2150E333-8FDC-42A3-9474-1A3956D46DE8}") = "OOP", "OOP", "{F449CD3E-D958-4C28-8BD7-A59BC8B567F2}"
EndProject
Project("{FAE04EC0-301F-11D3-BF4B-00C04F79EFBC}") = "OOPDiscuss", "OOP\OOPDiscuss\OOPDiscuss.csproj", "{ED504149-F9C6-428F-8077-B1ACA6C7B7EE}"
EndProject
Project("{FAE04EC0-301F-11D3-BF4B-00C04F79EFBC}") = "WindowsFormsApp1", "WindowsFormsApp1\WindowsFormsApp1.csproj", "{8F92FBCC-F39D-407A-ACCC-3FAE9615D428}"
EndProject
Project("{2150E333-8FDC-42A3-9474-1A3956D46DE8}") = "SOLID", "SOLID", "{37A81C96-B535-4919-8E77-2E9A11DC7211}"
EndProject
Project("{FAE04EC0-301F-11D3-BF4B-00C04F79EFBC}") = "1_S_in_SOLID", "SOLID\1_S_in_SOLID\1_S_in_SOLID.csproj", "{D6E68DD4-04CA-4417-A017-B4794FF95C7E}"
EndProject
Project("{FAE04EC0-301F-11D3-BF4B-00C04F79EFBC}") = "3_L_in_SOLID", "SOLID\3_L_in_SOLID\3_L_in_SOLID.csproj", "{E6521984-D1F5-46CE-BCB7-C0B4C156EE9B}"
EndProject
Project("{FAE04EC0-301F-11D3-BF4B-00C04F79EFBC}") = "4_I_in_SOLID", "SOLID\4_I_in_SOLID\4_I_in_SOLID.csproj", "{7ADB2511-CC25-4550-89D8-6C2752A331BB}"
EndProject
Project("{FAE04EC0-301F-11D3-BF4B-00C04F79EFBC}") = "5_D_in_SOLID", "SOLID\5_D_in_SOLID\5_D_in_SOLID.csproj", "{94246414-E158-4F00-8252-4E615BF762F8}"
EndProject
Project("{2150E333-8FDC-42A3-9474-1A3956D46DE8}") = "RepositoryPattern", "RepositoryPattern", "{C77C584A-5E63-4631-9997-FA41A8C39DC3}"
EndProject
Project("{FAE04EC0-301F-11D3-BF4B-00C04F79EFBC}") = "RepositoryPatternIntro", "RepositoryPattern\RepositoryPatternIntro\RepositoryPatternIntro.csproj", "{77E00D39-D213-4711-84D3-CE96DF1BD838}"
EndProject
Project("{FAE04EC0-301F-11D3-BF4B-00C04F79EFBC}") = "BigOn.Application", "src\BigOn.Application\BigOn.Application.csproj", "{5170F803-91E5-44E4-870C-F4FE532ECF27}"
EndProject
Project("{9A19103F-16F7-4668-BE54-9A1E7A4F7556}") = "2_O_in_SOLID", "SOLID\2_O_in_SOLID\2_O_in_SOLID.csproj", "{4FEB8D0F-F4EA-441A-ADA6-0689CAC64A9E}"
EndProject
Project("{FAE04EC0-301F-11D3-BF4B-00C04F79EFBC}") = "SerilogIntro", "SerilogIntro\SerilogIntro.csproj", "{E8908F78-1682-4280-958C-EC7BA503ADA1}"
EndProject
Global
	GlobalSection(SolutionConfigurationPlatforms) = preSolution
		Debug|Any CPU = Debug|Any CPU
		Debug|x86 = Debug|x86
		Release|Any CPU = Release|Any CPU
		Release|x86 = Release|x86
	EndGlobalSection
	GlobalSection(ProjectConfigurationPlatforms) = postSolution
		{913856DD-F52E-4829-8288-42B0A0AAE616}.Debug|Any CPU.ActiveCfg = Debug|Any CPU
		{913856DD-F52E-4829-8288-42B0A0AAE616}.Debug|Any CPU.Build.0 = Debug|Any CPU
		{913856DD-F52E-4829-8288-42B0A0AAE616}.Debug|x86.ActiveCfg = Debug|x86
		{913856DD-F52E-4829-8288-42B0A0AAE616}.Debug|x86.Build.0 = Debug|x86
		{913856DD-F52E-4829-8288-42B0A0AAE616}.Release|Any CPU.ActiveCfg = Release|Any CPU
		{913856DD-F52E-4829-8288-42B0A0AAE616}.Release|Any CPU.Build.0 = Release|Any CPU
		{913856DD-F52E-4829-8288-42B0A0AAE616}.Release|x86.ActiveCfg = Release|x86
		{913856DD-F52E-4829-8288-42B0A0AAE616}.Release|x86.Build.0 = Release|x86
		{00B15A60-4D09-414E-84DC-3FD50997D56E}.Debug|Any CPU.ActiveCfg = Debug|Any CPU
		{00B15A60-4D09-414E-84DC-3FD50997D56E}.Debug|Any CPU.Build.0 = Debug|Any CPU
		{00B15A60-4D09-414E-84DC-3FD50997D56E}.Debug|x86.ActiveCfg = Debug|Any CPU
		{00B15A60-4D09-414E-84DC-3FD50997D56E}.Debug|x86.Build.0 = Debug|Any CPU
		{00B15A60-4D09-414E-84DC-3FD50997D56E}.Release|Any CPU.ActiveCfg = Release|Any CPU
		{00B15A60-4D09-414E-84DC-3FD50997D56E}.Release|Any CPU.Build.0 = Release|Any CPU
		{00B15A60-4D09-414E-84DC-3FD50997D56E}.Release|x86.ActiveCfg = Release|Any CPU
		{00B15A60-4D09-414E-84DC-3FD50997D56E}.Release|x86.Build.0 = Release|Any CPU
		{6638E315-6BD5-469F-8C1F-71933CF156A3}.Debug|Any CPU.ActiveCfg = Debug|Any CPU
		{6638E315-6BD5-469F-8C1F-71933CF156A3}.Debug|Any CPU.Build.0 = Debug|Any CPU
		{6638E315-6BD5-469F-8C1F-71933CF156A3}.Debug|x86.ActiveCfg = Debug|Any CPU
		{6638E315-6BD5-469F-8C1F-71933CF156A3}.Debug|x86.Build.0 = Debug|Any CPU
		{6638E315-6BD5-469F-8C1F-71933CF156A3}.Release|Any CPU.ActiveCfg = Release|Any CPU
		{6638E315-6BD5-469F-8C1F-71933CF156A3}.Release|Any CPU.Build.0 = Release|Any CPU
		{6638E315-6BD5-469F-8C1F-71933CF156A3}.Release|x86.ActiveCfg = Release|Any CPU
		{6638E315-6BD5-469F-8C1F-71933CF156A3}.Release|x86.Build.0 = Release|Any CPU
		{0DDF87F1-561D-4980-ACC4-CD1F28D16604}.Debug|Any CPU.ActiveCfg = Debug|Any CPU
		{0DDF87F1-561D-4980-ACC4-CD1F28D16604}.Debug|Any CPU.Build.0 = Debug|Any CPU
		{0DDF87F1-561D-4980-ACC4-CD1F28D16604}.Debug|x86.ActiveCfg = Debug|Any CPU
		{0DDF87F1-561D-4980-ACC4-CD1F28D16604}.Debug|x86.Build.0 = Debug|Any CPU
		{0DDF87F1-561D-4980-ACC4-CD1F28D16604}.Release|Any CPU.ActiveCfg = Release|Any CPU
		{0DDF87F1-561D-4980-ACC4-CD1F28D16604}.Release|Any CPU.Build.0 = Release|Any CPU
		{0DDF87F1-561D-4980-ACC4-CD1F28D16604}.Release|x86.ActiveCfg = Release|Any CPU
		{0DDF87F1-561D-4980-ACC4-CD1F28D16604}.Release|x86.Build.0 = Release|Any CPU
		{70467D0F-4CB6-455B-A555-727DE28074C3}.Debug|Any CPU.ActiveCfg = Debug|Any CPU
		{70467D0F-4CB6-455B-A555-727DE28074C3}.Debug|Any CPU.Build.0 = Debug|Any CPU
		{70467D0F-4CB6-455B-A555-727DE28074C3}.Debug|x86.ActiveCfg = Debug|Any CPU
		{70467D0F-4CB6-455B-A555-727DE28074C3}.Debug|x86.Build.0 = Debug|Any CPU
		{70467D0F-4CB6-455B-A555-727DE28074C3}.Release|Any CPU.ActiveCfg = Release|Any CPU
		{70467D0F-4CB6-455B-A555-727DE28074C3}.Release|Any CPU.Build.0 = Release|Any CPU
		{70467D0F-4CB6-455B-A555-727DE28074C3}.Release|x86.ActiveCfg = Release|Any CPU
		{70467D0F-4CB6-455B-A555-727DE28074C3}.Release|x86.Build.0 = Release|Any CPU
		{BB24AC08-6C3C-4900-BE12-C9BBE2CC6E0D}.Debug|Any CPU.ActiveCfg = Debug|Any CPU
		{BB24AC08-6C3C-4900-BE12-C9BBE2CC6E0D}.Debug|Any CPU.Build.0 = Debug|Any CPU
		{BB24AC08-6C3C-4900-BE12-C9BBE2CC6E0D}.Debug|x86.ActiveCfg = Debug|Any CPU
		{BB24AC08-6C3C-4900-BE12-C9BBE2CC6E0D}.Debug|x86.Build.0 = Debug|Any CPU
		{BB24AC08-6C3C-4900-BE12-C9BBE2CC6E0D}.Release|Any CPU.ActiveCfg = Release|Any CPU
		{BB24AC08-6C3C-4900-BE12-C9BBE2CC6E0D}.Release|Any CPU.Build.0 = Release|Any CPU
		{BB24AC08-6C3C-4900-BE12-C9BBE2CC6E0D}.Release|x86.ActiveCfg = Release|Any CPU
		{BB24AC08-6C3C-4900-BE12-C9BBE2CC6E0D}.Release|x86.Build.0 = Release|Any CPU
		{ED504149-F9C6-428F-8077-B1ACA6C7B7EE}.Debug|Any CPU.ActiveCfg = Debug|Any CPU
		{ED504149-F9C6-428F-8077-B1ACA6C7B7EE}.Debug|Any CPU.Build.0 = Debug|Any CPU
		{ED504149-F9C6-428F-8077-B1ACA6C7B7EE}.Debug|x86.ActiveCfg = Debug|Any CPU
		{ED504149-F9C6-428F-8077-B1ACA6C7B7EE}.Debug|x86.Build.0 = Debug|Any CPU
		{ED504149-F9C6-428F-8077-B1ACA6C7B7EE}.Release|Any CPU.ActiveCfg = Release|Any CPU
		{ED504149-F9C6-428F-8077-B1ACA6C7B7EE}.Release|Any CPU.Build.0 = Release|Any CPU
		{ED504149-F9C6-428F-8077-B1ACA6C7B7EE}.Release|x86.ActiveCfg = Release|Any CPU
		{ED504149-F9C6-428F-8077-B1ACA6C7B7EE}.Release|x86.Build.0 = Release|Any CPU
		{8F92FBCC-F39D-407A-ACCC-3FAE9615D428}.Debug|Any CPU.ActiveCfg = Debug|Any CPU
		{8F92FBCC-F39D-407A-ACCC-3FAE9615D428}.Debug|Any CPU.Build.0 = Debug|Any CPU
		{8F92FBCC-F39D-407A-ACCC-3FAE9615D428}.Debug|x86.ActiveCfg = Debug|Any CPU
		{8F92FBCC-F39D-407A-ACCC-3FAE9615D428}.Debug|x86.Build.0 = Debug|Any CPU
		{8F92FBCC-F39D-407A-ACCC-3FAE9615D428}.Release|Any CPU.ActiveCfg = Release|Any CPU
		{8F92FBCC-F39D-407A-ACCC-3FAE9615D428}.Release|Any CPU.Build.0 = Release|Any CPU
		{8F92FBCC-F39D-407A-ACCC-3FAE9615D428}.Release|x86.ActiveCfg = Release|Any CPU
		{8F92FBCC-F39D-407A-ACCC-3FAE9615D428}.Release|x86.Build.0 = Release|Any CPU
		{D6E68DD4-04CA-4417-A017-B4794FF95C7E}.Debug|Any CPU.ActiveCfg = Debug|Any CPU
		{D6E68DD4-04CA-4417-A017-B4794FF95C7E}.Debug|Any CPU.Build.0 = Debug|Any CPU
		{D6E68DD4-04CA-4417-A017-B4794FF95C7E}.Debug|x86.ActiveCfg = Debug|Any CPU
		{D6E68DD4-04CA-4417-A017-B4794FF95C7E}.Debug|x86.Build.0 = Debug|Any CPU
		{D6E68DD4-04CA-4417-A017-B4794FF95C7E}.Release|Any CPU.ActiveCfg = Release|Any CPU
		{D6E68DD4-04CA-4417-A017-B4794FF95C7E}.Release|Any CPU.Build.0 = Release|Any CPU
		{D6E68DD4-04CA-4417-A017-B4794FF95C7E}.Release|x86.ActiveCfg = Release|Any CPU
		{D6E68DD4-04CA-4417-A017-B4794FF95C7E}.Release|x86.Build.0 = Release|Any CPU
		{E6521984-D1F5-46CE-BCB7-C0B4C156EE9B}.Debug|Any CPU.ActiveCfg = Debug|Any CPU
		{E6521984-D1F5-46CE-BCB7-C0B4C156EE9B}.Debug|Any CPU.Build.0 = Debug|Any CPU
		{E6521984-D1F5-46CE-BCB7-C0B4C156EE9B}.Debug|x86.ActiveCfg = Debug|Any CPU
		{E6521984-D1F5-46CE-BCB7-C0B4C156EE9B}.Debug|x86.Build.0 = Debug|Any CPU
		{E6521984-D1F5-46CE-BCB7-C0B4C156EE9B}.Release|Any CPU.ActiveCfg = Release|Any CPU
		{E6521984-D1F5-46CE-BCB7-C0B4C156EE9B}.Release|Any CPU.Build.0 = Release|Any CPU
		{E6521984-D1F5-46CE-BCB7-C0B4C156EE9B}.Release|x86.ActiveCfg = Release|Any CPU
		{E6521984-D1F5-46CE-BCB7-C0B4C156EE9B}.Release|x86.Build.0 = Release|Any CPU
		{7ADB2511-CC25-4550-89D8-6C2752A331BB}.Debug|Any CPU.ActiveCfg = Debug|Any CPU
		{7ADB2511-CC25-4550-89D8-6C2752A331BB}.Debug|Any CPU.Build.0 = Debug|Any CPU
		{7ADB2511-CC25-4550-89D8-6C2752A331BB}.Debug|x86.ActiveCfg = Debug|Any CPU
		{7ADB2511-CC25-4550-89D8-6C2752A331BB}.Debug|x86.Build.0 = Debug|Any CPU
		{7ADB2511-CC25-4550-89D8-6C2752A331BB}.Release|Any CPU.ActiveCfg = Release|Any CPU
		{7ADB2511-CC25-4550-89D8-6C2752A331BB}.Release|Any CPU.Build.0 = Release|Any CPU
		{7ADB2511-CC25-4550-89D8-6C2752A331BB}.Release|x86.ActiveCfg = Release|Any CPU
		{7ADB2511-CC25-4550-89D8-6C2752A331BB}.Release|x86.Build.0 = Release|Any CPU
		{94246414-E158-4F00-8252-4E615BF762F8}.Debug|Any CPU.ActiveCfg = Debug|Any CPU
		{94246414-E158-4F00-8252-4E615BF762F8}.Debug|Any CPU.Build.0 = Debug|Any CPU
		{94246414-E158-4F00-8252-4E615BF762F8}.Debug|x86.ActiveCfg = Debug|Any CPU
		{94246414-E158-4F00-8252-4E615BF762F8}.Debug|x86.Build.0 = Debug|Any CPU
		{94246414-E158-4F00-8252-4E615BF762F8}.Release|Any CPU.ActiveCfg = Release|Any CPU
		{94246414-E158-4F00-8252-4E615BF762F8}.Release|Any CPU.Build.0 = Release|Any CPU
		{94246414-E158-4F00-8252-4E615BF762F8}.Release|x86.ActiveCfg = Release|Any CPU
		{94246414-E158-4F00-8252-4E615BF762F8}.Release|x86.Build.0 = Release|Any CPU
		{77E00D39-D213-4711-84D3-CE96DF1BD838}.Debug|Any CPU.ActiveCfg = Debug|Any CPU
		{77E00D39-D213-4711-84D3-CE96DF1BD838}.Debug|Any CPU.Build.0 = Debug|Any CPU
		{77E00D39-D213-4711-84D3-CE96DF1BD838}.Debug|x86.ActiveCfg = Debug|Any CPU
		{77E00D39-D213-4711-84D3-CE96DF1BD838}.Debug|x86.Build.0 = Debug|Any CPU
		{77E00D39-D213-4711-84D3-CE96DF1BD838}.Release|Any CPU.ActiveCfg = Release|Any CPU
		{77E00D39-D213-4711-84D3-CE96DF1BD838}.Release|Any CPU.Build.0 = Release|Any CPU
		{77E00D39-D213-4711-84D3-CE96DF1BD838}.Release|x86.ActiveCfg = Release|Any CPU
		{77E00D39-D213-4711-84D3-CE96DF1BD838}.Release|x86.Build.0 = Release|Any CPU
		{5170F803-91E5-44E4-870C-F4FE532ECF27}.Debug|Any CPU.ActiveCfg = Debug|Any CPU
		{5170F803-91E5-44E4-870C-F4FE532ECF27}.Debug|Any CPU.Build.0 = Debug|Any CPU
		{5170F803-91E5-44E4-870C-F4FE532ECF27}.Debug|x86.ActiveCfg = Debug|Any CPU
		{5170F803-91E5-44E4-870C-F4FE532ECF27}.Debug|x86.Build.0 = Debug|Any CPU
		{5170F803-91E5-44E4-870C-F4FE532ECF27}.Release|Any CPU.ActiveCfg = Release|Any CPU
		{5170F803-91E5-44E4-870C-F4FE532ECF27}.Release|Any CPU.Build.0 = Release|Any CPU
		{5170F803-91E5-44E4-870C-F4FE532ECF27}.Release|x86.ActiveCfg = Release|Any CPU
		{5170F803-91E5-44E4-870C-F4FE532ECF27}.Release|x86.Build.0 = Release|Any CPU
		{4FEB8D0F-F4EA-441A-ADA6-0689CAC64A9E}.Debug|Any CPU.ActiveCfg = Debug|Any CPU
		{4FEB8D0F-F4EA-441A-ADA6-0689CAC64A9E}.Debug|Any CPU.Build.0 = Debug|Any CPU
		{4FEB8D0F-F4EA-441A-ADA6-0689CAC64A9E}.Debug|x86.ActiveCfg = Debug|Any CPU
		{4FEB8D0F-F4EA-441A-ADA6-0689CAC64A9E}.Debug|x86.Build.0 = Debug|Any CPU
		{4FEB8D0F-F4EA-441A-ADA6-0689CAC64A9E}.Release|Any CPU.ActiveCfg = Release|Any CPU
		{4FEB8D0F-F4EA-441A-ADA6-0689CAC64A9E}.Release|Any CPU.Build.0 = Release|Any CPU
		{4FEB8D0F-F4EA-441A-ADA6-0689CAC64A9E}.Release|x86.ActiveCfg = Release|Any CPU
		{4FEB8D0F-F4EA-441A-ADA6-0689CAC64A9E}.Release|x86.Build.0 = Release|Any CPU
		{E8908F78-1682-4280-958C-EC7BA503ADA1}.Debug|Any CPU.ActiveCfg = Debug|Any CPU
		{E8908F78-1682-4280-958C-EC7BA503ADA1}.Debug|Any CPU.Build.0 = Debug|Any CPU
		{E8908F78-1682-4280-958C-EC7BA503ADA1}.Debug|x86.ActiveCfg = Debug|Any CPU
		{E8908F78-1682-4280-958C-EC7BA503ADA1}.Debug|x86.Build.0 = Debug|Any CPU
		{E8908F78-1682-4280-958C-EC7BA503ADA1}.Release|Any CPU.ActiveCfg = Release|Any CPU
		{E8908F78-1682-4280-958C-EC7BA503ADA1}.Release|Any CPU.Build.0 = Release|Any CPU
		{E8908F78-1682-4280-958C-EC7BA503ADA1}.Release|x86.ActiveCfg = Release|Any CPU
		{E8908F78-1682-4280-958C-EC7BA503ADA1}.Release|x86.Build.0 = Release|Any CPU
	EndGlobalSection
	GlobalSection(SolutionProperties) = preSolution
		HideSolutionNode = FALSE
	EndGlobalSection
	GlobalSection(NestedProjects) = preSolution
		{913856DD-F52E-4829-8288-42B0A0AAE616} = {E1FFF949-8FEC-49D8-A2DB-E4793EE8B0DF}
		{00B15A60-4D09-414E-84DC-3FD50997D56E} = {E1FFF949-8FEC-49D8-A2DB-E4793EE8B0DF}
		{6638E315-6BD5-469F-8C1F-71933CF156A3} = {E1FFF949-8FEC-49D8-A2DB-E4793EE8B0DF}
		{0DDF87F1-561D-4980-ACC4-CD1F28D16604} = {8AA9E430-4A3C-4A21-88B6-FFAAF222A87A}
		{70467D0F-4CB6-455B-A555-727DE28074C3} = {8AA9E430-4A3C-4A21-88B6-FFAAF222A87A}
		{BB24AC08-6C3C-4900-BE12-C9BBE2CC6E0D} = {8AA9E430-4A3C-4A21-88B6-FFAAF222A87A}
		{ED504149-F9C6-428F-8077-B1ACA6C7B7EE} = {F449CD3E-D958-4C28-8BD7-A59BC8B567F2}
		{8F92FBCC-F39D-407A-ACCC-3FAE9615D428} = {F449CD3E-D958-4C28-8BD7-A59BC8B567F2}
		{D6E68DD4-04CA-4417-A017-B4794FF95C7E} = {37A81C96-B535-4919-8E77-2E9A11DC7211}
		{E6521984-D1F5-46CE-BCB7-C0B4C156EE9B} = {37A81C96-B535-4919-8E77-2E9A11DC7211}
		{7ADB2511-CC25-4550-89D8-6C2752A331BB} = {37A81C96-B535-4919-8E77-2E9A11DC7211}
		{94246414-E158-4F00-8252-4E615BF762F8} = {37A81C96-B535-4919-8E77-2E9A11DC7211}
		{77E00D39-D213-4711-84D3-CE96DF1BD838} = {C77C584A-5E63-4631-9997-FA41A8C39DC3}
		{5170F803-91E5-44E4-870C-F4FE532ECF27} = {8AA9E430-4A3C-4A21-88B6-FFAAF222A87A}
		{4FEB8D0F-F4EA-441A-ADA6-0689CAC64A9E} = {37A81C96-B535-4919-8E77-2E9A11DC7211}
	EndGlobalSection
	GlobalSection(ExtensibilityGlobals) = postSolution
		SolutionGuid = {B27538AE-5C50-403B-B85D-D0FB05FB1740}
	EndGlobalSection
EndGlobal
